{
  "name": "dj",
  "version": "1.0.0",
  "lockfileVersion": 1,
  "requires": true,
  "dependencies": {
    "@splidejs/splide-extension-grid": {
      "version": "0.3.1",
      "resolved": "https://registry.npmjs.org/@splidejs/splide-extension-grid/-/splide-extension-grid-0.3.1.tgz",
      "integrity": "sha512-x3YIWJkGHBvehTJq0Q8kGltE1f1yWJoURleA3gqUUD3NtJLcIabuqoWHA43Egdykh5D09ReH27kxUGBLxoJBqQ=="
    }
  }
}
